
Microsoft Visual Studio Solution File, Format Version 12.00
# Visual Studio Version 16
VisualStudioVersion = 16.0.29215.179
MinimumVisualStudioVersion = 10.0.40219.1
Project("{FAE04EC0-301F-11D3-BF4B-00C04F79EFBC}") = "WpfApp2", "WpfApp2\WpfApp2.csproj", "{7C73C6AA-9E61-431E-815D-EA9C0DA58D23}"
EndProject
Global
	GlobalSection(SolutionConfigurationPlatforms) = preSolution
		Debug|Any CPU = Debug|Any CPU
		Release|Any CPU = Release|Any CPU
	EndGlobalSection
	GlobalSection(ProjectConfigurationPlatforms) = postSolution
		{7C73C6AA-9E61-431E-815D-EA9C0DA58D23}.Debug|Any CPU.ActiveCfg = Debug|Any CPU
		{7C73C6AA-9E61-431E-815D-EA9C0DA58D23}.Debug|Any CPU.Build.0 = Debug|Any CPU
		{7C73C6AA-9E61-431E-815D-EA9C0DA58D23}.Release|Any CPU.ActiveCfg = Release|Any CPU
		{7C73C6AA-9E61-431E-815D-EA9C0DA58D23}.Release|Any CPU.Build.0 = Release|Any CPU
	EndGlobalSection
	GlobalSection(SolutionProperties) = preSolution
		HideSolutionNode = FALSE
	EndGlobalSection
	GlobalSection(ExtensibilityGlobals) = postSolution
		SolutionGuid = {31C71499-8F61-4A15-B65A-D9A2D026598F}
	EndGlobalSection
EndGlobal
