
Microsoft Visual Studio Solution File, Format Version 12.00
# Visual Studio Version 16
VisualStudioVersion = 16.0.29215.179
MinimumVisualStudioVersion = 10.0.40219.1
Project("{FAE04EC0-301F-11D3-BF4B-00C04F79EFBC}") = "TensorGram", "TensorGram\TensorGram.csproj", "{F85F6565-BB1D-4BD9-ADA4-B862275BA5CA}"
EndProject
Global
	GlobalSection(SolutionConfigurationPlatforms) = preSolution
		Debug|Any CPU = Debug|Any CPU
		Release|Any CPU = Release|Any CPU
	EndGlobalSection
	GlobalSection(ProjectConfigurationPlatforms) = postSolution
		{F85F6565-BB1D-4BD9-ADA4-B862275BA5CA}.Debug|Any CPU.ActiveCfg = Debug|Any CPU
		{F85F6565-BB1D-4BD9-ADA4-B862275BA5CA}.Debug|Any CPU.Build.0 = Debug|Any CPU
		{F85F6565-BB1D-4BD9-ADA4-B862275BA5CA}.Release|Any CPU.ActiveCfg = Release|Any CPU
		{F85F6565-BB1D-4BD9-ADA4-B862275BA5CA}.Release|Any CPU.Build.0 = Release|Any CPU
	EndGlobalSection
	GlobalSection(SolutionProperties) = preSolution
		HideSolutionNode = FALSE
	EndGlobalSection
	GlobalSection(ExtensibilityGlobals) = postSolution
		SolutionGuid = {4408A333-355B-463D-A4E1-29E3901B6DB7}
	EndGlobalSection
EndGlobal
